
Microsoft Visual Studio Solution File, Format Version 12.00
# Visual Studio Version 17
VisualStudioVersion = 17.5.33424.131
MinimumVisualStudioVersion = 10.0.40219.1
Project("{9A19103F-16F7-4668-BE54-9A1E7A4F7556}") = "VT2Lib.Core", "VT2Lib.Core\VT2Lib.Core.csproj", "{EB98CF4B-49A5-423F-9D93-23291EDA7FBC}"
EndProject
Project("{9A19103F-16F7-4668-BE54-9A1E7A4F7556}") = "VT2Lib.Bundles", "VT2Lib.Bundles\VT2Lib.Bundles.csproj", "{93492D44-854C-4D2C-91A3-651798BA9761}"
EndProject
Project("{FAE04EC0-301F-11D3-BF4B-00C04F79EFBC}") = "VT2Lib.Tests", "VT2Lib.Tests\VT2Lib.Tests.csproj", "{F301EA67-F114-4F0E-B2D8-D56AACE89B04}"
EndProject
Global
	GlobalSection(SolutionConfigurationPlatforms) = preSolution
		Debug|Any CPU = Debug|Any CPU
		Release|Any CPU = Release|Any CPU
	EndGlobalSection
	GlobalSection(ProjectConfigurationPlatforms) = postSolution
		{EB98CF4B-49A5-423F-9D93-23291EDA7FBC}.Debug|Any CPU.ActiveCfg = Debug|Any CPU
		{EB98CF4B-49A5-423F-9D93-23291EDA7FBC}.Debug|Any CPU.Build.0 = Debug|Any CPU
		{EB98CF4B-49A5-423F-9D93-23291EDA7FBC}.Release|Any CPU.ActiveCfg = Release|Any CPU
		{EB98CF4B-49A5-423F-9D93-23291EDA7FBC}.Release|Any CPU.Build.0 = Release|Any CPU
		{93492D44-854C-4D2C-91A3-651798BA9761}.Debug|Any CPU.ActiveCfg = Debug|Any CPU
		{93492D44-854C-4D2C-91A3-651798BA9761}.Debug|Any CPU.Build.0 = Debug|Any CPU
		{93492D44-854C-4D2C-91A3-651798BA9761}.Release|Any CPU.ActiveCfg = Release|Any CPU
		{93492D44-854C-4D2C-91A3-651798BA9761}.Release|Any CPU.Build.0 = Release|Any CPU
		{F301EA67-F114-4F0E-B2D8-D56AACE89B04}.Debug|Any CPU.ActiveCfg = Debug|Any CPU
		{F301EA67-F114-4F0E-B2D8-D56AACE89B04}.Debug|Any CPU.Build.0 = Debug|Any CPU
		{F301EA67-F114-4F0E-B2D8-D56AACE89B04}.Release|Any CPU.ActiveCfg = Release|Any CPU
		{F301EA67-F114-4F0E-B2D8-D56AACE89B04}.Release|Any CPU.Build.0 = Release|Any CPU
	EndGlobalSection
	GlobalSection(SolutionProperties) = preSolution
		HideSolutionNode = FALSE
	EndGlobalSection
	GlobalSection(ExtensibilityGlobals) = postSolution
		SolutionGuid = {59C423DE-2385-4E5A-A684-667825A4FA2A}
	EndGlobalSection
EndGlobal
